
Microsoft Visual Studio Solution File, Format Version 12.00
# Visual Studio Version 17
VisualStudioVersion = 17.8.34330.188
MinimumVisualStudioVersion = 10.0.40219.1
Project("{FAE04EC0-301F-11D3-BF4B-00C04F79EFBC}") = "WebScrapEducation", "WebScrapEducation\WebScrapEducation.csproj", "{8F03E76F-D79D-4032-971F-2F12EF0A7A84}"
EndProject
Global
	GlobalSection(SolutionConfigurationPlatforms) = preSolution
		Debug|Any CPU = Debug|Any CPU
		Release|Any CPU = Release|Any CPU
	EndGlobalSection
	GlobalSection(ProjectConfigurationPlatforms) = postSolution
		{8F03E76F-D79D-4032-971F-2F12EF0A7A84}.Debug|Any CPU.ActiveCfg = Debug|Any CPU
		{8F03E76F-D79D-4032-971F-2F12EF0A7A84}.Debug|Any CPU.Build.0 = Debug|Any CPU
		{8F03E76F-D79D-4032-971F-2F12EF0A7A84}.Release|Any CPU.ActiveCfg = Release|Any CPU
		{8F03E76F-D79D-4032-971F-2F12EF0A7A84}.Release|Any CPU.Build.0 = Release|Any CPU
	EndGlobalSection
	GlobalSection(SolutionProperties) = preSolution
		HideSolutionNode = FALSE
	EndGlobalSection
	GlobalSection(ExtensibilityGlobals) = postSolution
		SolutionGuid = {49E8FA07-47EB-4005-BE0E-D673D6A9DDBA}
	EndGlobalSection
EndGlobal
